
Microsoft Visual Studio Solution File, Format Version 12.00
# Visual Studio Version 17
VisualStudioVersion = 17.12.35514.174
MinimumVisualStudioVersion = 10.0.40219.1
Project("{FAE04EC0-301F-11D3-BF4B-00C04F79EFBC}") = "LangIndicator", "src\LangIndicator\LangIndicator.csproj", "{14B18DD2-DF92-445D-BD5D-D35EDA69FECE}"
EndProject
Project("{2150E333-8FDC-42A3-9474-1A3956D46DE8}") = "src", "src", "{7992D206-4A06-46DA-9F74-801F6AB29D54}"
EndProject
Project("{2150E333-8FDC-42A3-9474-1A3956D46DE8}") = "items", "items", "{306C11C5-B005-4878-B3C4-B7DD747D3A9A}"
	ProjectSection(SolutionItems) = preProject
		.gitignore = .gitignore
		7z.ps1 = 7z.ps1
		CHANGELOG.md = CHANGELOG.md
		.github\workflows\dotnet.yml = .github\workflows\dotnet.yml
		LICENSE = LICENSE
		publish.ps1 = publish.ps1
		README.md = README.md
	EndProjectSection
EndProject
Global
	GlobalSection(SolutionConfigurationPlatforms) = preSolution
		Debug|Any CPU = Debug|Any CPU
		Release|Any CPU = Release|Any CPU
	EndGlobalSection
	GlobalSection(ProjectConfigurationPlatforms) = postSolution
		{14B18DD2-DF92-445D-BD5D-D35EDA69FECE}.Debug|Any CPU.ActiveCfg = Debug|Any CPU
		{14B18DD2-DF92-445D-BD5D-D35EDA69FECE}.Debug|Any CPU.Build.0 = Debug|Any CPU
		{14B18DD2-DF92-445D-BD5D-D35EDA69FECE}.Release|Any CPU.ActiveCfg = Release|Any CPU
		{14B18DD2-DF92-445D-BD5D-D35EDA69FECE}.Release|Any CPU.Build.0 = Release|Any CPU
	EndGlobalSection
	GlobalSection(SolutionProperties) = preSolution
		HideSolutionNode = FALSE
	EndGlobalSection
	GlobalSection(NestedProjects) = preSolution
		{14B18DD2-DF92-445D-BD5D-D35EDA69FECE} = {7992D206-4A06-46DA-9F74-801F6AB29D54}
	EndGlobalSection
EndGlobal
